
Microsoft Visual Studio Solution File, Format Version 12.00
# Visual Studio Version 17
VisualStudioVersion = 17.5.33627.172
MinimumVisualStudioVersion = 10.0.40219.1
Project("{9A19103F-16F7-4668-BE54-9A1E7A4F7556}") = "TestProject", "TestProject\TestProject.csproj", "{D30996FC-EB9C-49B1-9BB0-BD2C3A32443B}"
EndProject
Project("{9A19103F-16F7-4668-BE54-9A1E7A4F7556}") = "TestProjectTests", "TestProjectTests\TestProjectTests.csproj", "{DB73C6CB-B66F-45C2-8EB9-9EB3D779BEBA}"
EndProject
Global
	GlobalSection(SolutionConfigurationPlatforms) = preSolution
		Debug|Any CPU = Debug|Any CPU
		Release|Any CPU = Release|Any CPU
	EndGlobalSection
	GlobalSection(ProjectConfigurationPlatforms) = postSolution
		{D30996FC-EB9C-49B1-9BB0-BD2C3A32443B}.Debug|Any CPU.ActiveCfg = Debug|Any CPU
		{D30996FC-EB9C-49B1-9BB0-BD2C3A32443B}.Debug|Any CPU.Build.0 = Debug|Any CPU
		{D30996FC-EB9C-49B1-9BB0-BD2C3A32443B}.Release|Any CPU.ActiveCfg = Release|Any CPU
		{D30996FC-EB9C-49B1-9BB0-BD2C3A32443B}.Release|Any CPU.Build.0 = Release|Any CPU
		{DB73C6CB-B66F-45C2-8EB9-9EB3D779BEBA}.Debug|Any CPU.ActiveCfg = Debug|Any CPU
		{DB73C6CB-B66F-45C2-8EB9-9EB3D779BEBA}.Debug|Any CPU.Build.0 = Debug|Any CPU
		{DB73C6CB-B66F-45C2-8EB9-9EB3D779BEBA}.Release|Any CPU.ActiveCfg = Release|Any CPU
		{DB73C6CB-B66F-45C2-8EB9-9EB3D779BEBA}.Release|Any CPU.Build.0 = Release|Any CPU
	EndGlobalSection
	GlobalSection(SolutionProperties) = preSolution
		HideSolutionNode = FALSE
	EndGlobalSection
	GlobalSection(ExtensibilityGlobals) = postSolution
		SolutionGuid = {F6231CE1-6FB5-4A34-ACB0-BC0EBB207714}
	EndGlobalSection
EndGlobal
